// !$*UTF8*$!
{
	archiveVersion = 1;
	classes = {
	};
	objectVersion = 56;
	objects = {

/* Begin PBXBuildFile section */
		AA00000000000000000031CC /* ExifExtractorApp.swift in Sources */ = {isa = PBXBuildFile; fileRef = AA00000000000000000011CC /* ExifExtractorApp.swift */; };
		AA00000000000000000032CC /* ContentView.swift in Sources */ = {isa = PBXBuildFile; fileRef = AA00000000000000000012CC /* ContentView.swift */; };
		AA00000000000000000033CC /* ExifData.swift in Sources */ = {isa = PBXBuildFile; fileRef = AA00000000000000000013CC /* ExifData.swift */; };
		AA00000000000000000034CC /* PhotoItem.swift in Sources */ = {isa = PBXBuildFile; fileRef = AA00000000000000000014CC /* PhotoItem.swift */; };
		AA00000000000000000035CC /* FolderItem.swift in Sources */ = {isa = PBXBuildFile; fileRef = AA00000000000000000015CC /* FolderItem.swift */; };
		AA00000000000000000036CC /* AppViewModel.swift in Sources */ = {isa = PBXBuildFile; fileRef = AA00000000000000000016CC /* AppViewModel.swift */; };
		AA00000000000000000037CC /* FolderTreeView.swift in Sources */ = {isa = PBXBuildFile; fileRef = AA00000000000000000017CC /* FolderTreeView.swift */; };
		AA00000000000000000038CC /* PhotoViewerView.swift in Sources */ = {isa = PBXBuildFile; fileRef = AA00000000000000000018CC /* PhotoViewerView.swift */; };
		AA00000000000000000039CC /* ExifInfoView.swift in Sources */ = {isa = PBXBuildFile; fileRef = AA00000000000000000019CC /* ExifInfoView.swift */; };
		AA00000000000000000040CC /* ThumbnailStripView.swift in Sources */ = {isa = PBXBuildFile; fileRef = AA00000000000000000020CC /* ThumbnailStripView.swift */; };
		AA00000000000000000041CC /* ExifReader.swift in Sources */ = {isa = PBXBuildFile; fileRef = AA00000000000000000021CC /* ExifReader.swift */; };
		AA00000000000000000042CC /* FolderManager.swift in Sources */ = {isa = PBXBuildFile; fileRef = AA00000000000000000022CC /* FolderManager.swift */; };
		AA00000000000000000043CC /* Assets.xcassets in Resources */ = {isa = PBXBuildFile; fileRef = AA00000000000000000023CC /* Assets.xcassets */; };
		AA00000000000000000091CC /* CopyTemplate.swift in Sources */ = {isa = PBXBuildFile; fileRef = AA00000000000000000081CC /* CopyTemplate.swift */; };
		AA00000000000000000092CC /* TemplateRenderer.swift in Sources */ = {isa = PBXBuildFile; fileRef = AA00000000000000000082CC /* TemplateRenderer.swift */; };
		AA00000000000000000093CC /* TemplateViewModel.swift in Sources */ = {isa = PBXBuildFile; fileRef = AA00000000000000000083CC /* TemplateViewModel.swift */; };
		AA00000000000000000094CC /* TemplateCopySection.swift in Sources */ = {isa = PBXBuildFile; fileRef = AA00000000000000000084CC /* TemplateCopySection.swift */; };
		AA00000000000000000095CC /* TemplateManagerView.swift in Sources */ = {isa = PBXBuildFile; fileRef = AA00000000000000000085CC /* TemplateManagerView.swift */; };
/* End PBXBuildFile section */

/* Begin PBXFileReference section */
		AA00000000000000000011CC /* ExifExtractorApp.swift */ = {isa = PBXFileReference; lastKnownFileType = sourcecode.swift; path = ExifExtractorApp.swift; sourceTree = "<group>"; };
		AA00000000000000000012CC /* ContentView.swift */ = {isa = PBXFileReference; lastKnownFileType = sourcecode.swift; path = ContentView.swift; sourceTree = "<group>"; };
		AA00000000000000000013CC /* ExifData.swift */ = {isa = PBXFileReference; lastKnownFileType = sourcecode.swift; path = ExifData.swift; sourceTree = "<group>"; };
		AA00000000000000000014CC /* PhotoItem.swift */ = {isa = PBXFileReference; lastKnownFileType = sourcecode.swift; path = PhotoItem.swift; sourceTree = "<group>"; };
		AA00000000000000000015CC /* FolderItem.swift */ = {isa = PBXFileReference; lastKnownFileType = sourcecode.swift; path = FolderItem.swift; sourceTree = "<group>"; };
		AA00000000000000000016CC /* AppViewModel.swift */ = {isa = PBXFileReference; lastKnownFileType = sourcecode.swift; path = AppViewModel.swift; sourceTree = "<group>"; };
		AA00000000000000000017CC /* FolderTreeView.swift */ = {isa = PBXFileReference; lastKnownFileType = sourcecode.swift; path = FolderTreeView.swift; sourceTree = "<group>"; };
		AA00000000000000000018CC /* PhotoViewerView.swift */ = {isa = PBXFileReference; lastKnownFileType = sourcecode.swift; path = PhotoViewerView.swift; sourceTree = "<group>"; };
		AA00000000000000000019CC /* ExifInfoView.swift */ = {isa = PBXFileReference; lastKnownFileType = sourcecode.swift; path = ExifInfoView.swift; sourceTree = "<group>"; };
		AA00000000000000000020CC /* ThumbnailStripView.swift */ = {isa = PBXFileReference; lastKnownFileType = sourcecode.swift; path = ThumbnailStripView.swift; sourceTree = "<group>"; };
		AA00000000000000000021CC /* ExifReader.swift */ = {isa = PBXFileReference; lastKnownFileType = sourcecode.swift; path = ExifReader.swift; sourceTree = "<group>"; };
		AA00000000000000000022CC /* FolderManager.swift */ = {isa = PBXFileReference; lastKnownFileType = sourcecode.swift; path = FolderManager.swift; sourceTree = "<group>"; };
		AA00000000000000000023CC /* Assets.xcassets */ = {isa = PBXFileReference; lastKnownFileType = folder.assetcatalog; path = Assets.xcassets; sourceTree = "<group>"; };
		AA00000000000000000024CC /* Info.plist */ = {isa = PBXFileReference; lastKnownFileType = text.plist.xml; path = Info.plist; sourceTree = "<group>"; };
		AA00000000000000000025CC /* ExifExtractor.app */ = {isa = PBXFileReference; explicitFileType = wrapper.application; includeInIndex = 0; path = ExifExtractor.app; sourceTree = BUILT_PRODUCTS_DIR; };
		AA00000000000000000081CC /* CopyTemplate.swift */ = {isa = PBXFileReference; lastKnownFileType = sourcecode.swift; path = CopyTemplate.swift; sourceTree = "<group>"; };
		AA00000000000000000082CC /* TemplateRenderer.swift */ = {isa = PBXFileReference; lastKnownFileType = sourcecode.swift; path = TemplateRenderer.swift; sourceTree = "<group>"; };
		AA00000000000000000083CC /* TemplateViewModel.swift */ = {isa = PBXFileReference; lastKnownFileType = sourcecode.swift; path = TemplateViewModel.swift; sourceTree = "<group>"; };
		AA00000000000000000084CC /* TemplateCopySection.swift */ = {isa = PBXFileReference; lastKnownFileType = sourcecode.swift; path = TemplateCopySection.swift; sourceTree = "<group>"; };
		AA00000000000000000085CC /* TemplateManagerView.swift */ = {isa = PBXFileReference; lastKnownFileType = sourcecode.swift; path = TemplateManagerView.swift; sourceTree = "<group>"; };
/* End PBXFileReference section */

/* Begin PBXFrameworksBuildPhase section */
		AA00000000000000000053CC /* Frameworks */ = {
			isa = PBXFrameworksBuildPhase;
			buildActionMask = 2147483647;
			files = (
			);
			runOnlyForDeploymentPostprocessing = 0;
		};
/* End PBXFrameworksBuildPhase section */

/* Begin PBXGroup section */
		AA00000000000000000002CC /* MainGroup */ = {
			isa = PBXGroup;
			children = (
				AA00000000000000000004CC /* ExifExtractor */,
				AA00000000000000000003CC /* Products */,
			);
			sourceTree = "<group>";
		};
		AA00000000000000000003CC /* Products */ = {
			isa = PBXGroup;
			children = (
				AA00000000000000000025CC /* ExifExtractor.app */,
			);
			name = Products;
			sourceTree = "<group>";
		};
		AA00000000000000000004CC /* ExifExtractor */ = {
			isa = PBXGroup;
			children = (
				AA00000000000000000011CC /* ExifExtractorApp.swift */,
				AA00000000000000000012CC /* ContentView.swift */,
				AA00000000000000000005CC /* Models */,
				AA00000000000000000006CC /* ViewModels */,
				AA00000000000000000007CC /* Views */,
				AA00000000000000000008CC /* Services */,
				AA00000000000000000023CC /* Assets.xcassets */,
				AA00000000000000000024CC /* Info.plist */,
			);
			path = ExifExtractor;
			sourceTree = "<group>";
		};
		AA00000000000000000005CC /* Models */ = {
			isa = PBXGroup;
			children = (
				AA00000000000000000013CC /* ExifData.swift */,
				AA00000000000000000014CC /* PhotoItem.swift */,
				AA00000000000000000015CC /* FolderItem.swift */,
				AA00000000000000000081CC /* CopyTemplate.swift */,
			);
			path = Models;
			sourceTree = "<group>";
		};
		AA00000000000000000006CC /* ViewModels */ = {
			isa = PBXGroup;
			children = (
				AA00000000000000000016CC /* AppViewModel.swift */,
				AA00000000000000000083CC /* TemplateViewModel.swift */,
			);
			path = ViewModels;
			sourceTree = "<group>";
		};
		AA00000000000000000007CC /* Views */ = {
			isa = PBXGroup;
			children = (
				AA00000000000000000017CC /* FolderTreeView.swift */,
				AA00000000000000000018CC /* PhotoViewerView.swift */,
				AA00000000000000000019CC /* ExifInfoView.swift */,
				AA00000000000000000020CC /* ThumbnailStripView.swift */,
				AA00000000000000000084CC /* TemplateCopySection.swift */,
				AA00000000000000000085CC /* TemplateManagerView.swift */,
			);
			path = Views;
			sourceTree = "<group>";
		};
		AA00000000000000000008CC /* Services */ = {
			isa = PBXGroup;
			children = (
				AA00000000000000000021CC /* ExifReader.swift */,
				AA00000000000000000022CC /* FolderManager.swift */,
				AA00000000000000000082CC /* TemplateRenderer.swift */,
			);
			path = Services;
			sourceTree = "<group>";
		};
/* End PBXGroup section */

/* Begin PBXNativeTarget section */
		AA00000000000000000061CC /* ExifExtractor */ = {
			isa = PBXNativeTarget;
			buildConfigurationList = AA00000000000000000062CC /* Build configuration list for PBXNativeTarget "ExifExtractor" */;
			buildPhases = (
				AA00000000000000000051CC /* Sources */,
				AA00000000000000000052CC /* Resources */,
				AA00000000000000000053CC /* Frameworks */,
			);
			buildRules = (
			);
			dependencies = (
			);
			name = ExifExtractor;
			productName = ExifExtractor;
			productReference = AA00000000000000000025CC /* ExifExtractor.app */;
			productType = "com.apple.product-type.application";
		};
/* End PBXNativeTarget section */

/* Begin PBXProject section */
		AA00000000000000000001CC /* Project object */ = {
			isa = PBXProject;
			attributes = {
				BuildIndependentTargetsInParallel = 1;
				LastSwiftUpdateCheck = 1620;
				LastUpgradeCheck = 1620;
				TargetAttributes = {
					AA00000000000000000061CC = {
						CreatedOnToolsVersion = 16.2;
					};
				};
			};
			buildConfigurationList = AA00000000000000000071CC /* Build configuration list for PBXProject "ExifExtractor" */;
			compatibilityVersion = "Xcode 14.0";
			developmentRegion = en;
			hasScannedForEncodings = 0;
			knownRegions = (
				en,
				Base,
				ja,
			);
			mainGroup = AA00000000000000000002CC;
			productRefGroup = AA00000000000000000003CC /* Products */;
			projectDirPath = "";
			projectRoot = "";
			targets = (
				AA00000000000000000061CC /* ExifExtractor */,
			);
		};
/* End PBXProject section */

/* Begin PBXResourcesBuildPhase section */
		AA00000000000000000052CC /* Resources */ = {
			isa = PBXResourcesBuildPhase;
			buildActionMask = 2147483647;
			files = (
				AA00000000000000000043CC /* Assets.xcassets in Resources */,
			);
			runOnlyForDeploymentPostprocessing = 0;
		};
/* End PBXResourcesBuildPhase section */

/* Begin PBXSourcesBuildPhase section */
		AA00000000000000000051CC /* Sources */ = {
			isa = PBXSourcesBuildPhase;
			buildActionMask = 2147483647;
			files = (
				AA00000000000000000031CC /* ExifExtractorApp.swift in Sources */,
				AA00000000000000000032CC /* ContentView.swift in Sources */,
				AA00000000000000000033CC /* ExifData.swift in Sources */,
				AA00000000000000000034CC /* PhotoItem.swift in Sources */,
				AA00000000000000000035CC /* FolderItem.swift in Sources */,
				AA00000000000000000036CC /* AppViewModel.swift in Sources */,
				AA00000000000000000037CC /* FolderTreeView.swift in Sources */,
				AA00000000000000000038CC /* PhotoViewerView.swift in Sources */,
				AA00000000000000000039CC /* ExifInfoView.swift in Sources */,
				AA00000000000000000040CC /* ThumbnailStripView.swift in Sources */,
				AA00000000000000000041CC /* ExifReader.swift in Sources */,
				AA00000000000000000042CC /* FolderManager.swift in Sources */,
				AA00000000000000000091CC /* CopyTemplate.swift in Sources */,
				AA00000000000000000092CC /* TemplateRenderer.swift in Sources */,
				AA00000000000000000093CC /* TemplateViewModel.swift in Sources */,
				AA00000000000000000094CC /* TemplateCopySection.swift in Sources */,
				AA00000000000000000095CC /* TemplateManagerView.swift in Sources */,
			);
			runOnlyForDeploymentPostprocessing = 0;
		};
/* End PBXSourcesBuildPhase section */

/* Begin XCBuildConfiguration section */
		AA00000000000000000063CC /* Debug */ = {
			isa = XCBuildConfiguration;
			buildSettings = {
				ASSETCATALOG_COMPILER_APPICON_NAME = AppIcon;
				ASSETCATALOG_COMPILER_GLOBAL_ACCENT_COLOR_NAME = AccentColor;
				CODE_SIGN_STYLE = Automatic;
				COMBINE_HIDPI_IMAGES = YES;
				CURRENT_PROJECT_VERSION = 1;
				DEVELOPMENT_TEAM = "";
				ENABLE_HARDENED_RUNTIME = YES;
				GENERATE_INFOPLIST_FILE = NO;
				INFOPLIST_FILE = ExifExtractor/Info.plist;
				LD_RUNPATH_SEARCH_PATHS = (
					"$(inherited)",
					"@executable_path/../Frameworks",
				);
				MACOSX_DEPLOYMENT_TARGET = 15.0;
				MARKETING_VERSION = 1.0;
				PRODUCT_BUNDLE_IDENTIFIER = com.michimani.ExifExtractor;
				PRODUCT_NAME = "$(TARGET_NAME)";
				SWIFT_EMIT_LOC_STRINGS = YES;
				SWIFT_VERSION = 5.0;
			};
			name = Debug;
		};
		AA00000000000000000064CC /* Release */ = {
			isa = XCBuildConfiguration;
			buildSettings = {
				ASSETCATALOG_COMPILER_APPICON_NAME = AppIcon;
				ASSETCATALOG_COMPILER_GLOBAL_ACCENT_COLOR_NAME = AccentColor;
				CODE_SIGN_STYLE = Automatic;
				COMBINE_HIDPI_IMAGES = YES;
				CURRENT_PROJECT_VERSION = 1;
				DEVELOPMENT_TEAM = "";
				ENABLE_HARDENED_RUNTIME = YES;
				GENERATE_INFOPLIST_FILE = NO;
				INFOPLIST_FILE = ExifExtractor/Info.plist;
				LD_RUNPATH_SEARCH_PATHS = (
					"$(inherited)",
					"@executable_path/../Frameworks",
				);
				MACOSX_DEPLOYMENT_TARGET = 15.0;
				MARKETING_VERSION = 1.0;
				PRODUCT_BUNDLE_IDENTIFIER = com.michimani.ExifExtractor;
				PRODUCT_NAME = "$(TARGET_NAME)";
				SWIFT_EMIT_LOC_STRINGS = YES;
				SWIFT_VERSION = 5.0;
			};
			name = Release;
		};
		AA00000000000000000072CC /* Debug */ = {
			isa = XCBuildConfiguration;
			buildSettings = {
				ALWAYS_SEARCH_USER_PATHS = NO;
				ASSETCATALOG_COMPILER_GENERATE_SWIFT_ASSET_SYMBOL_EXTENSIONS = YES;
				CLANG_ANALYZER_NONNULL = YES;
				CLANG_ANALYZER_NUMBER_OBJECT_CONVERSION = YES_AGGRESSIVE;
				CLANG_CXX_LANGUAGE_STANDARD = "gnu++20";
				CLANG_ENABLE_MODULES = YES;
				CLANG_ENABLE_OBJC_ARC = YES;
				CLANG_ENABLE_OBJC_WEAK = YES;
				CLANG_WARN_BLOCK_CAPTURE_AUTORELEASING = YES;
				CLANG_WARN_BOOL_CONVERSION = YES;
				CLANG_WARN_COMMA = YES;
				CLANG_WARN_CONSTANT_CONVERSION = YES;
				CLANG_WARN_DEPRECATED_OBJC_IMPLEMENTATIONS = YES;
				CLANG_WARN_DIRECT_OBJC_ISA_USAGE = YES_ERROR;
				CLANG_WARN_DOCUMENTATION_COMMENTS = YES;
				CLANG_WARN_EMPTY_BODY = YES;
				CLANG_WARN_ENUM_CONVERSION = YES;
				CLANG_WARN_INFINITE_RECURSION = YES;
				CLANG_WARN_INT_CONVERSION = YES;
				CLANG_WARN_NON_LITERAL_NULL_CONVERSION = YES;
				CLANG_WARN_OBJC_IMPLICIT_RETAIN_CYCLES = YES;
				CLANG_WARN_OBJC_LITERAL_CONVERSION = YES;
				CLANG_WARN_OBJC_ROOT_CLASS = YES_ERROR;
				CLANG_WARN_QUOTED_INCLUDE_IN_FRAMEWORK_HEADER = YES;
				CLANG_WARN_RANGE_LOOP_ANALYSIS = YES;
				CLANG_WARN_STRICT_PROTOTYPES = YES;
				CLANG_WARN_SUSPICIOUS_MOVE = YES;
				CLANG_WARN_UNGUARDED_AVAILABILITY = YES_AGGRESSIVE;
				CLANG_WARN_UNREACHABLE_CODE = YES;
				CLANG_WARN__DUPLICATE_METHOD_MATCH = YES;
				COPY_PHASE_STRIP = NO;
				DEBUG_INFORMATION_FORMAT = dwarf;
				ENABLE_STRICT_OBJC_MSGSEND = YES;
				ENABLE_TESTABILITY = YES;
				ENABLE_USER_SCRIPT_SANDBOXING = YES;
				GCC_C_LANGUAGE_STANDARD = gnu17;
				GCC_DYNAMIC_NO_PIC = NO;
				GCC_NO_COMMON_BLOCKS = YES;
				GCC_OPTIMIZATION_LEVEL = 0;
				GCC_PREPROCESSOR_DEFINITIONS = (
					"DEBUG=1",
					"$(inherited)",
				);
				GCC_WARN_64_TO_32_BIT_CONVERSION = YES;
				GCC_WARN_ABOUT_RETURN_TYPE = YES_ERROR;
				GCC_WARN_UNDECLARED_SELECTOR = YES;
				GCC_WARN_UNINITIALIZED_AUTOS = YES_AGGRESSIVE;
				GCC_WARN_UNUSED_FUNCTION = YES;
				GCC_WARN_UNUSED_VARIABLE = YES;
				LOCALIZATION_PREFERS_STRING_CATALOGS = YES;
				MACOSX_DEPLOYMENT_TARGET = 15.0;
				MTL_ENABLE_DEBUG_INFO = INCLUDE_SOURCE;
				MTL_FAST_MATH = YES;
				ONLY_ACTIVE_ARCH = YES;
				SDKROOT = macosx;
				SWIFT_ACTIVE_COMPILATION_CONDITIONS = DEBUG;
				SWIFT_OPTIMIZATION_LEVEL = "-Onone";
			};
			name = Debug;
		};
		AA00000000000000000073CC /* Release */ = {
			isa = XCBuildConfiguration;
			buildSettings = {
				ALWAYS_SEARCH_USER_PATHS = NO;
				ASSETCATALOG_COMPILER_GENERATE_SWIFT_ASSET_SYMBOL_EXTENSIONS = YES;
				CLANG_ANALYZER_NONNULL = YES;
				CLANG_ANALYZER_NUMBER_OBJECT_CONVERSION = YES_AGGRESSIVE;
				CLANG_CXX_LANGUAGE_STANDARD = "gnu++20";
				CLANG_ENABLE_MODULES = YES;
				CLANG_ENABLE_OBJC_ARC = YES;
				CLANG_ENABLE_OBJC_WEAK = YES;
				CLANG_WARN_BLOCK_CAPTURE_AUTORELEASING = YES;
				CLANG_WARN_BOOL_CONVERSION = YES;
				CLANG_WARN_COMMA = YES;
				CLANG_WARN_CONSTANT_CONVERSION = YES;
				CLANG_WARN_DEPRECATED_OBJC_IMPLEMENTATIONS = YES;
				CLANG_WARN_DIRECT_OBJC_ISA_USAGE = YES_ERROR;
				CLANG_WARN_DOCUMENTATION_COMMENTS = YES;
				CLANG_WARN_EMPTY_BODY = YES;
				CLANG_WARN_ENUM_CONVERSION = YES;
				CLANG_WARN_INFINITE_RECURSION = YES;
				CLANG_WARN_INT_CONVERSION = YES;
				CLANG_WARN_NON_LITERAL_NULL_CONVERSION = YES;
				CLANG_WARN_OBJC_IMPLICIT_RETAIN_CYCLES = YES;
				CLANG_WARN_OBJC_LITERAL_CONVERSION = YES;
				CLANG_WARN_OBJC_ROOT_CLASS = YES_ERROR;
				CLANG_WARN_QUOTED_INCLUDE_IN_FRAMEWORK_HEADER = YES;
				CLANG_WARN_RANGE_LOOP_ANALYSIS = YES;
				CLANG_WARN_STRICT_PROTOTYPES = YES;
				CLANG_WARN_SUSPICIOUS_MOVE = YES;
				CLANG_WARN_UNGUARDED_AVAILABILITY = YES_AGGRESSIVE;
				CLANG_WARN_UNREACHABLE_CODE = YES;
				CLANG_WARN__DUPLICATE_METHOD_MATCH = YES;
				COPY_PHASE_STRIP = NO;
				DEBUG_INFORMATION_FORMAT = "dwarf-with-dsym";
				ENABLE_NS_ASSERTIONS = NO;
				ENABLE_STRICT_OBJC_MSGSEND = YES;
				ENABLE_USER_SCRIPT_SANDBOXING = YES;
				GCC_C_LANGUAGE_STANDARD = gnu17;
				GCC_NO_COMMON_BLOCKS = YES;
				GCC_WARN_64_TO_32_BIT_CONVERSION = YES;
				GCC_WARN_ABOUT_RETURN_TYPE = YES_ERROR;
				GCC_WARN_UNDECLARED_SELECTOR = YES;
				GCC_WARN_UNINITIALIZED_AUTOS = YES_AGGRESSIVE;
				GCC_WARN_UNUSED_FUNCTION = YES;
				GCC_WARN_UNUSED_VARIABLE = YES;
				LOCALIZATION_PREFERS_STRING_CATALOGS = YES;
				MACOSX_DEPLOYMENT_TARGET = 15.0;
				MTL_FAST_MATH = YES;
				SDKROOT = macosx;
				SWIFT_COMPILATION_MODE = wholemodule;
				SWIFT_OPTIMIZATION_LEVEL = "-O";
			};
			name = Release;
		};
/* End XCBuildConfiguration section */

/* Begin XCConfigurationList section */
		AA00000000000000000071CC /* Build configuration list for PBXProject "ExifExtractor" */ = {
			isa = XCConfigurationList;
			buildConfigurations = (
				AA00000000000000000072CC /* Debug */,
				AA00000000000000000073CC /* Release */,
			);
			defaultConfigurationIsVisible = 0;
			defaultConfigurationName = Release;
		};
		AA00000000000000000062CC /* Build configuration list for PBXNativeTarget "ExifExtractor" */ = {
			isa = XCConfigurationList;
			buildConfigurations = (
				AA00000000000000000063CC /* Debug */,
				AA00000000000000000064CC /* Release */,
			);
			defaultConfigurationIsVisible = 0;
			defaultConfigurationName = Release;
		};
/* End XCConfigurationList section */
	};
	rootObject = AA00000000000000000001CC /* Project object */;
}
